
Microsoft Visual Studio Solution File, Format Version 12.00
# Visual Studio Version 16
VisualStudioVersion = 16.0.30011.22
MinimumVisualStudioVersion = 10.0.40219.1
Project("{FAE04EC0-301F-11D3-BF4B-00C04F79EFBC}") = "FaceApp", "FaceApp\FaceApp.csproj", "{AF83CB11-5A77-4E25-8CE1-0978A7B51625}"
EndProject
Global
	GlobalSection(SolutionConfigurationPlatforms) = preSolution
		Debug|Any CPU = Debug|Any CPU
		Release|Any CPU = Release|Any CPU
	EndGlobalSection
	GlobalSection(ProjectConfigurationPlatforms) = postSolution
		{AF83CB11-5A77-4E25-8CE1-0978A7B51625}.Debug|Any CPU.ActiveCfg = Debug|Any CPU
		{AF83CB11-5A77-4E25-8CE1-0978A7B51625}.Debug|Any CPU.Build.0 = Debug|Any CPU
		{AF83CB11-5A77-4E25-8CE1-0978A7B51625}.Release|Any CPU.ActiveCfg = Release|Any CPU
		{AF83CB11-5A77-4E25-8CE1-0978A7B51625}.Release|Any CPU.Build.0 = Release|Any CPU
	EndGlobalSection
	GlobalSection(SolutionProperties) = preSolution
		HideSolutionNode = FALSE
	EndGlobalSection
	GlobalSection(ExtensibilityGlobals) = postSolution
		SolutionGuid = {079CFC5B-99ED-4A1D-97CE-7904FF259727}
	EndGlobalSection
EndGlobal
